
Microsoft Visual Studio Solution File, Format Version 12.00
# Visual Studio 2013
VisualStudioVersion = 12.0.40629.0
MinimumVisualStudioVersion = 10.0.40219.1
Project("{FAE04EC0-301F-11D3-BF4B-00C04F79EFBC}") = "Example1.1Window", "ExampleWindow\Example1.1Window.csproj", "{D1E303F0-43AF-44DE-B994-3B56587020B0}"
EndProject
Project("{FAE04EC0-301F-11D3-BF4B-00C04F79EFBC}") = "Example1.2WindowsEvents", "ExampleWindowsEvents\Example1.2WindowsEvents.csproj", "{13DB8FEB-499C-49D0-AA73-241BBD3B389E}"
EndProject
Project("{FAE04EC0-301F-11D3-BF4B-00C04F79EFBC}") = "Example1.3WindowSettings", "ExampleWindowSettings\Example1.3WindowSettings.csproj", "{C90A41C5-C99E-4633-AF72-510349DEFF80}"
EndProject
Project("{FAE04EC0-301F-11D3-BF4B-00C04F79EFBC}") = "Example2.1MainMenu", "ExampleMainMenu\Example2.1MainMenu.csproj", "{62DFBA65-4FC5-4D7B-BEE0-D636BDB5B5C9}"
EndProject
Project("{FAE04EC0-301F-11D3-BF4B-00C04F79EFBC}") = "Example4ComboBox", "ExampleComboBox\Example4ComboBox.csproj", "{92568179-97A7-46BE-96E0-9B0BB310EDD5}"
EndProject
Project("{FAE04EC0-301F-11D3-BF4B-00C04F79EFBC}") = "Example5Image", "ExampleImage\Example5Image.csproj", "{AE16C12B-31F5-4655-8316-3017CA113499}"
EndProject
Project("{FAE04EC0-301F-11D3-BF4B-00C04F79EFBC}") = "Examples6RadioCheckBox", "ExamplesRadioCheckBox\Examples6RadioCheckBox.csproj", "{4AFE3FBE-D29B-4651-AD2F-8BB8E9DB7B34}"
EndProject
Project("{FAE04EC0-301F-11D3-BF4B-00C04F79EFBC}") = "Example1.4Window", "Example1.4Window\Example1.4Window.csproj", "{A2D18330-89EA-45E5-B976-4492574C95F4}"
EndProject
Project("{FAE04EC0-301F-11D3-BF4B-00C04F79EFBC}") = "Example2.2ContextMenu", "Example2.2ContextMenu\Example2.2ContextMenu.csproj", "{964F7A59-88F1-43E3-9987-32BE956E6B97}"
EndProject
Project("{FAE04EC0-301F-11D3-BF4B-00C04F79EFBC}") = "Example3.1Buttons", "Example3.1\Example3.1Buttons.csproj", "{5A868755-E7F5-4B6C-BAF9-4FDD78A75DD2}"
EndProject
Global
	GlobalSection(SolutionConfigurationPlatforms) = preSolution
		Debug|Any CPU = Debug|Any CPU
		Release|Any CPU = Release|Any CPU
	EndGlobalSection
	GlobalSection(ProjectConfigurationPlatforms) = postSolution
		{D1E303F0-43AF-44DE-B994-3B56587020B0}.Debug|Any CPU.ActiveCfg = Debug|Any CPU
		{D1E303F0-43AF-44DE-B994-3B56587020B0}.Debug|Any CPU.Build.0 = Debug|Any CPU
		{D1E303F0-43AF-44DE-B994-3B56587020B0}.Release|Any CPU.ActiveCfg = Release|Any CPU
		{D1E303F0-43AF-44DE-B994-3B56587020B0}.Release|Any CPU.Build.0 = Release|Any CPU
		{13DB8FEB-499C-49D0-AA73-241BBD3B389E}.Debug|Any CPU.ActiveCfg = Debug|Any CPU
		{13DB8FEB-499C-49D0-AA73-241BBD3B389E}.Debug|Any CPU.Build.0 = Debug|Any CPU
		{13DB8FEB-499C-49D0-AA73-241BBD3B389E}.Release|Any CPU.ActiveCfg = Release|Any CPU
		{13DB8FEB-499C-49D0-AA73-241BBD3B389E}.Release|Any CPU.Build.0 = Release|Any CPU
		{C90A41C5-C99E-4633-AF72-510349DEFF80}.Debug|Any CPU.ActiveCfg = Debug|Any CPU
		{C90A41C5-C99E-4633-AF72-510349DEFF80}.Debug|Any CPU.Build.0 = Debug|Any CPU
		{C90A41C5-C99E-4633-AF72-510349DEFF80}.Release|Any CPU.ActiveCfg = Release|Any CPU
		{C90A41C5-C99E-4633-AF72-510349DEFF80}.Release|Any CPU.Build.0 = Release|Any CPU
		{62DFBA65-4FC5-4D7B-BEE0-D636BDB5B5C9}.Debug|Any CPU.ActiveCfg = Debug|Any CPU
		{62DFBA65-4FC5-4D7B-BEE0-D636BDB5B5C9}.Debug|Any CPU.Build.0 = Debug|Any CPU
		{62DFBA65-4FC5-4D7B-BEE0-D636BDB5B5C9}.Release|Any CPU.ActiveCfg = Release|Any CPU
		{62DFBA65-4FC5-4D7B-BEE0-D636BDB5B5C9}.Release|Any CPU.Build.0 = Release|Any CPU
		{92568179-97A7-46BE-96E0-9B0BB310EDD5}.Debug|Any CPU.ActiveCfg = Debug|Any CPU
		{92568179-97A7-46BE-96E0-9B0BB310EDD5}.Debug|Any CPU.Build.0 = Debug|Any CPU
		{92568179-97A7-46BE-96E0-9B0BB310EDD5}.Release|Any CPU.ActiveCfg = Release|Any CPU
		{92568179-97A7-46BE-96E0-9B0BB310EDD5}.Release|Any CPU.Build.0 = Release|Any CPU
		{AE16C12B-31F5-4655-8316-3017CA113499}.Debug|Any CPU.ActiveCfg = Debug|Any CPU
		{AE16C12B-31F5-4655-8316-3017CA113499}.Debug|Any CPU.Build.0 = Debug|Any CPU
		{AE16C12B-31F5-4655-8316-3017CA113499}.Release|Any CPU.ActiveCfg = Release|Any CPU
		{AE16C12B-31F5-4655-8316-3017CA113499}.Release|Any CPU.Build.0 = Release|Any CPU
		{4AFE3FBE-D29B-4651-AD2F-8BB8E9DB7B34}.Debug|Any CPU.ActiveCfg = Debug|Any CPU
		{4AFE3FBE-D29B-4651-AD2F-8BB8E9DB7B34}.Debug|Any CPU.Build.0 = Debug|Any CPU
		{4AFE3FBE-D29B-4651-AD2F-8BB8E9DB7B34}.Release|Any CPU.ActiveCfg = Release|Any CPU
		{4AFE3FBE-D29B-4651-AD2F-8BB8E9DB7B34}.Release|Any CPU.Build.0 = Release|Any CPU
		{A2D18330-89EA-45E5-B976-4492574C95F4}.Debug|Any CPU.ActiveCfg = Debug|Any CPU
		{A2D18330-89EA-45E5-B976-4492574C95F4}.Debug|Any CPU.Build.0 = Debug|Any CPU
		{A2D18330-89EA-45E5-B976-4492574C95F4}.Release|Any CPU.ActiveCfg = Release|Any CPU
		{A2D18330-89EA-45E5-B976-4492574C95F4}.Release|Any CPU.Build.0 = Release|Any CPU
		{964F7A59-88F1-43E3-9987-32BE956E6B97}.Debug|Any CPU.ActiveCfg = Debug|Any CPU
		{964F7A59-88F1-43E3-9987-32BE956E6B97}.Debug|Any CPU.Build.0 = Debug|Any CPU
		{964F7A59-88F1-43E3-9987-32BE956E6B97}.Release|Any CPU.ActiveCfg = Release|Any CPU
		{964F7A59-88F1-43E3-9987-32BE956E6B97}.Release|Any CPU.Build.0 = Release|Any CPU
		{5A868755-E7F5-4B6C-BAF9-4FDD78A75DD2}.Debug|Any CPU.ActiveCfg = Debug|Any CPU
		{5A868755-E7F5-4B6C-BAF9-4FDD78A75DD2}.Debug|Any CPU.Build.0 = Debug|Any CPU
		{5A868755-E7F5-4B6C-BAF9-4FDD78A75DD2}.Release|Any CPU.ActiveCfg = Release|Any CPU
		{5A868755-E7F5-4B6C-BAF9-4FDD78A75DD2}.Release|Any CPU.Build.0 = Release|Any CPU
	EndGlobalSection
	GlobalSection(SolutionProperties) = preSolution
		HideSolutionNode = FALSE
	EndGlobalSection
EndGlobal
