
Microsoft Visual Studio Solution File, Format Version 12.00
# Visual Studio Version 16
VisualStudioVersion = 16.0.30621.155
MinimumVisualStudioVersion = 10.0.40219.1
Project("{FAE04EC0-301F-11D3-BF4B-00C04F79EFBC}") = "FileTransferService1", "FileTransferService1\FileTransferService1.csproj", "{0AB2B516-B7FA-4EDD-87AA-52872A5DC187}"
EndProject
Project("{FAE04EC0-301F-11D3-BF4B-00C04F79EFBC}") = "HostConsole1", "HostConsole1\HostConsole1.csproj", "{3C577981-E89D-4D73-969B-54E63AB730A1}"
EndProject
Global
	GlobalSection(SolutionConfigurationPlatforms) = preSolution
		Debug|Any CPU = Debug|Any CPU
		Release|Any CPU = Release|Any CPU
	EndGlobalSection
	GlobalSection(ProjectConfigurationPlatforms) = postSolution
		{0AB2B516-B7FA-4EDD-87AA-52872A5DC187}.Debug|Any CPU.ActiveCfg = Debug|Any CPU
		{0AB2B516-B7FA-4EDD-87AA-52872A5DC187}.Debug|Any CPU.Build.0 = Debug|Any CPU
		{0AB2B516-B7FA-4EDD-87AA-52872A5DC187}.Release|Any CPU.ActiveCfg = Release|Any CPU
		{0AB2B516-B7FA-4EDD-87AA-52872A5DC187}.Release|Any CPU.Build.0 = Release|Any CPU
		{3C577981-E89D-4D73-969B-54E63AB730A1}.Debug|Any CPU.ActiveCfg = Debug|Any CPU
		{3C577981-E89D-4D73-969B-54E63AB730A1}.Debug|Any CPU.Build.0 = Debug|Any CPU
		{3C577981-E89D-4D73-969B-54E63AB730A1}.Release|Any CPU.ActiveCfg = Release|Any CPU
		{3C577981-E89D-4D73-969B-54E63AB730A1}.Release|Any CPU.Build.0 = Release|Any CPU
	EndGlobalSection
	GlobalSection(SolutionProperties) = preSolution
		HideSolutionNode = FALSE
	EndGlobalSection
	GlobalSection(ExtensibilityGlobals) = postSolution
		SolutionGuid = {E674127C-F4DD-4DAA-A45F-EAE475152852}
	EndGlobalSection
EndGlobal
