
Microsoft Visual Studio Solution File, Format Version 12.00
# Visual Studio Version 16
VisualStudioVersion = 16.0.30804.86
MinimumVisualStudioVersion = 10.0.40219.1
Project("{FAE04EC0-301F-11D3-BF4B-00C04F79EFBC}") = "WpfApptree2", "WpfApptree2\WpfApptree2.csproj", "{D5C1B175-768D-495B-90D8-A42528B3F4BA}"
EndProject
Global
	GlobalSection(SolutionConfigurationPlatforms) = preSolution
		Debug|Any CPU = Debug|Any CPU
		Release|Any CPU = Release|Any CPU
	EndGlobalSection
	GlobalSection(ProjectConfigurationPlatforms) = postSolution
		{D5C1B175-768D-495B-90D8-A42528B3F4BA}.Debug|Any CPU.ActiveCfg = Debug|Any CPU
		{D5C1B175-768D-495B-90D8-A42528B3F4BA}.Debug|Any CPU.Build.0 = Debug|Any CPU
		{D5C1B175-768D-495B-90D8-A42528B3F4BA}.Release|Any CPU.ActiveCfg = Release|Any CPU
		{D5C1B175-768D-495B-90D8-A42528B3F4BA}.Release|Any CPU.Build.0 = Release|Any CPU
	EndGlobalSection
	GlobalSection(SolutionProperties) = preSolution
		HideSolutionNode = FALSE
	EndGlobalSection
	GlobalSection(ExtensibilityGlobals) = postSolution
		SolutionGuid = {D3DEBE48-0A0E-4A2C-8F37-B72C6EDAB404}
	EndGlobalSection
EndGlobal
